
Microsoft Visual Studio Solution File, Format Version 12.00
# Visual Studio 14
VisualStudioVersion = 14.0.23107.0
MinimumVisualStudioVersion = 10.0.40219.1
Project("{2150E333-8FDC-42A3-9474-1A3956D46DE8}") = "1 - UI", "1 - UI", "{05DA2F39-8252-4964-AFE2-5F8F957AA448}"
EndProject
Project("{2150E333-8FDC-42A3-9474-1A3956D46DE8}") = "2 - API", "2 - API", "{E102E16E-4C82-4403-9FE1-F212448FE2FA}"
EndProject
Project("{2150E333-8FDC-42A3-9474-1A3956D46DE8}") = "3 - Repository", "3 - Repository", "{758499A5-BF60-4637-A694-C3B9262981FD}"
EndProject
Project("{2150E333-8FDC-42A3-9474-1A3956D46DE8}") = "4 - Domain", "4 - Domain", "{511CAF72-CBAE-4E6B-ABD3-E1DE00FD3E67}"
EndProject
Project("{2150E333-8FDC-42A3-9474-1A3956D46DE8}") = "5 - DependencyResolver", "5 - DependencyResolver", "{E75260E1-899F-4D03-82E6-BC11CDDB1916}"
EndProject
Project("{FAE04EC0-301F-11D3-BF4B-00C04F79EFBC}") = "ReceitasX.UI", "ReceitasX.UI\ReceitasX.UI\ReceitasX.UI.csproj", "{6A94C944-26A9-4960-8D8F-EF4BC16CA948}"
EndProject
Project("{FAE04EC0-301F-11D3-BF4B-00C04F79EFBC}") = "ReceitasX.UI.iOS", "ReceitasX.UI\ReceitasX.UI.iOS\ReceitasX.UI.iOS.csproj", "{5DDA55D9-5C1E-427F-BBD7-1E6AB45269AE}"
EndProject
Project("{FAE04EC0-301F-11D3-BF4B-00C04F79EFBC}") = "ReceitasX.UI.Droid", "ReceitasX.UI\ReceitasX.UI.Droid\ReceitasX.UI.Droid.csproj", "{A3CBB092-DA26-4EA5-AB9A-B1E8618F0A41}"
EndProject
Project("{FAE04EC0-301F-11D3-BF4B-00C04F79EFBC}") = "ReceitasX.UI.WinPhone", "ReceitasX.UI\ReceitasX.UI.WinPhone\ReceitasX.UI.WinPhone.csproj", "{419EC423-EABC-4D5D-8A1C-158A59F658FE}"
EndProject
Project("{FAE04EC0-301F-11D3-BF4B-00C04F79EFBC}") = "ReceitasX.API", "ReceitasX.API\ReceitasX.API.csproj", "{039F3313-681F-4427-8159-9559219D2FF7}"
EndProject
Project("{FAE04EC0-301F-11D3-BF4B-00C04F79EFBC}") = "ReceitasX.Repository", "ReceitasX.Repository\ReceitasX.Repository.csproj", "{F6A5E99C-A3E2-4117-8FD6-BCD6CC037F0E}"
EndProject
Project("{FAE04EC0-301F-11D3-BF4B-00C04F79EFBC}") = "ReceitasX.Repository.Interfaces", "ReceitasX.Repository.Interfaces\ReceitasX.Repository.Interfaces.csproj", "{B236A699-D3C6-4CA9-A013-E95478559A25}"
EndProject
Project("{FAE04EC0-301F-11D3-BF4B-00C04F79EFBC}") = "ReceitasX.Domain", "ReceitasX.Domain\ReceitasX.Domain.csproj", "{35FAE1D3-69E2-4051-8EC4-54B008578F86}"
EndProject
Project("{FAE04EC0-301F-11D3-BF4B-00C04F79EFBC}") = "ReceitasX.DependencyResolver", "ReceitasX.DependencyResolver\ReceitasX.DependencyResolver.csproj", "{750924C5-B907-4DED-BD42-291B93EAD24A}"
EndProject
Global
	GlobalSection(SolutionConfigurationPlatforms) = preSolution
		Ad-Hoc|Any CPU = Ad-Hoc|Any CPU
		Ad-Hoc|ARM = Ad-Hoc|ARM
		Ad-Hoc|iPhone = Ad-Hoc|iPhone
		Ad-Hoc|iPhoneSimulator = Ad-Hoc|iPhoneSimulator
		Ad-Hoc|x86 = Ad-Hoc|x86
		AppStore|Any CPU = AppStore|Any CPU
		AppStore|ARM = AppStore|ARM
		AppStore|iPhone = AppStore|iPhone
		AppStore|iPhoneSimulator = AppStore|iPhoneSimulator
		AppStore|x86 = AppStore|x86
		Debug|Any CPU = Debug|Any CPU
		Debug|ARM = Debug|ARM
		Debug|iPhone = Debug|iPhone
		Debug|iPhoneSimulator = Debug|iPhoneSimulator
		Debug|x86 = Debug|x86
		Release|Any CPU = Release|Any CPU
		Release|ARM = Release|ARM
		Release|iPhone = Release|iPhone
		Release|iPhoneSimulator = Release|iPhoneSimulator
		Release|x86 = Release|x86
	EndGlobalSection
	GlobalSection(ProjectConfigurationPlatforms) = postSolution
		{6A94C944-26A9-4960-8D8F-EF4BC16CA948}.Ad-Hoc|Any CPU.ActiveCfg = Release|Any CPU
		{6A94C944-26A9-4960-8D8F-EF4BC16CA948}.Ad-Hoc|Any CPU.Build.0 = Release|Any CPU
		{6A94C944-26A9-4960-8D8F-EF4BC16CA948}.Ad-Hoc|ARM.ActiveCfg = Release|Any CPU
		{6A94C944-26A9-4960-8D8F-EF4BC16CA948}.Ad-Hoc|ARM.Build.0 = Release|Any CPU
		{6A94C944-26A9-4960-8D8F-EF4BC16CA948}.Ad-Hoc|iPhone.ActiveCfg = Release|Any CPU
		{6A94C944-26A9-4960-8D8F-EF4BC16CA948}.Ad-Hoc|iPhone.Build.0 = Release|Any CPU
		{6A94C944-26A9-4960-8D8F-EF4BC16CA948}.Ad-Hoc|iPhoneSimulator.ActiveCfg = Release|Any CPU
		{6A94C944-26A9-4960-8D8F-EF4BC16CA948}.Ad-Hoc|iPhoneSimulator.Build.0 = Release|Any CPU
		{6A94C944-26A9-4960-8D8F-EF4BC16CA948}.Ad-Hoc|x86.ActiveCfg = Release|Any CPU
		{6A94C944-26A9-4960-8D8F-EF4BC16CA948}.Ad-Hoc|x86.Build.0 = Release|Any CPU
		{6A94C944-26A9-4960-8D8F-EF4BC16CA948}.AppStore|Any CPU.ActiveCfg = Release|Any CPU
		{6A94C944-26A9-4960-8D8F-EF4BC16CA948}.AppStore|Any CPU.Build.0 = Release|Any CPU
		{6A94C944-26A9-4960-8D8F-EF4BC16CA948}.AppStore|ARM.ActiveCfg = Release|Any CPU
		{6A94C944-26A9-4960-8D8F-EF4BC16CA948}.AppStore|ARM.Build.0 = Release|Any CPU
		{6A94C944-26A9-4960-8D8F-EF4BC16CA948}.AppStore|iPhone.ActiveCfg = Release|Any CPU
		{6A94C944-26A9-4960-8D8F-EF4BC16CA948}.AppStore|iPhone.Build.0 = Release|Any CPU
		{6A94C944-26A9-4960-8D8F-EF4BC16CA948}.AppStore|iPhoneSimulator.ActiveCfg = Release|Any CPU
		{6A94C944-26A9-4960-8D8F-EF4BC16CA948}.AppStore|iPhoneSimulator.Build.0 = Release|Any CPU
		{6A94C944-26A9-4960-8D8F-EF4BC16CA948}.AppStore|x86.ActiveCfg = Release|Any CPU
		{6A94C944-26A9-4960-8D8F-EF4BC16CA948}.AppStore|x86.Build.0 = Release|Any CPU
		{6A94C944-26A9-4960-8D8F-EF4BC16CA948}.Debug|Any CPU.ActiveCfg = Debug|Any CPU
		{6A94C944-26A9-4960-8D8F-EF4BC16CA948}.Debug|Any CPU.Build.0 = Debug|Any CPU
		{6A94C944-26A9-4960-8D8F-EF4BC16CA948}.Debug|ARM.ActiveCfg = Debug|Any CPU
		{6A94C944-26A9-4960-8D8F-EF4BC16CA948}.Debug|ARM.Build.0 = Debug|Any CPU
		{6A94C944-26A9-4960-8D8F-EF4BC16CA948}.Debug|iPhone.ActiveCfg = Debug|Any CPU
		{6A94C944-26A9-4960-8D8F-EF4BC16CA948}.Debug|iPhone.Build.0 = Debug|Any CPU
		{6A94C944-26A9-4960-8D8F-EF4BC16CA948}.Debug|iPhoneSimulator.ActiveCfg = Debug|Any CPU
		{6A94C944-26A9-4960-8D8F-EF4BC16CA948}.Debug|iPhoneSimulator.Build.0 = Debug|Any CPU
		{6A94C944-26A9-4960-8D8F-EF4BC16CA948}.Debug|x86.ActiveCfg = Debug|Any CPU
		{6A94C944-26A9-4960-8D8F-EF4BC16CA948}.Debug|x86.Build.0 = Debug|Any CPU
		{6A94C944-26A9-4960-8D8F-EF4BC16CA948}.Release|Any CPU.ActiveCfg = Release|Any CPU
		{6A94C944-26A9-4960-8D8F-EF4BC16CA948}.Release|Any CPU.Build.0 = Release|Any CPU
		{6A94C944-26A9-4960-8D8F-EF4BC16CA948}.Release|ARM.ActiveCfg = Release|Any CPU
		{6A94C944-26A9-4960-8D8F-EF4BC16CA948}.Release|ARM.Build.0 = Release|Any CPU
		{6A94C944-26A9-4960-8D8F-EF4BC16CA948}.Release|iPhone.ActiveCfg = Release|Any CPU
		{6A94C944-26A9-4960-8D8F-EF4BC16CA948}.Release|iPhone.Build.0 = Release|Any CPU
		{6A94C944-26A9-4960-8D8F-EF4BC16CA948}.Release|iPhoneSimulator.ActiveCfg = Release|Any CPU
		{6A94C944-26A9-4960-8D8F-EF4BC16CA948}.Release|iPhoneSimulator.Build.0 = Release|Any CPU
		{6A94C944-26A9-4960-8D8F-EF4BC16CA948}.Release|x86.ActiveCfg = Release|Any CPU
		{6A94C944-26A9-4960-8D8F-EF4BC16CA948}.Release|x86.Build.0 = Release|Any CPU
		{5DDA55D9-5C1E-427F-BBD7-1E6AB45269AE}.Ad-Hoc|Any CPU.ActiveCfg = Ad-Hoc|iPhone
		{5DDA55D9-5C1E-427F-BBD7-1E6AB45269AE}.Ad-Hoc|ARM.ActiveCfg = Ad-Hoc|iPhone
		{5DDA55D9-5C1E-427F-BBD7-1E6AB45269AE}.Ad-Hoc|iPhone.ActiveCfg = Ad-Hoc|iPhone
		{5DDA55D9-5C1E-427F-BBD7-1E6AB45269AE}.Ad-Hoc|iPhone.Build.0 = Ad-Hoc|iPhone
		{5DDA55D9-5C1E-427F-BBD7-1E6AB45269AE}.Ad-Hoc|iPhoneSimulator.ActiveCfg = Ad-Hoc|iPhoneSimulator
		{5DDA55D9-5C1E-427F-BBD7-1E6AB45269AE}.Ad-Hoc|iPhoneSimulator.Build.0 = Ad-Hoc|iPhoneSimulator
		{5DDA55D9-5C1E-427F-BBD7-1E6AB45269AE}.Ad-Hoc|x86.ActiveCfg = Ad-Hoc|iPhone
		{5DDA55D9-5C1E-427F-BBD7-1E6AB45269AE}.AppStore|Any CPU.ActiveCfg = AppStore|iPhone
		{5DDA55D9-5C1E-427F-BBD7-1E6AB45269AE}.AppStore|ARM.ActiveCfg = AppStore|iPhone
		{5DDA55D9-5C1E-427F-BBD7-1E6AB45269AE}.AppStore|iPhone.ActiveCfg = AppStore|iPhone
		{5DDA55D9-5C1E-427F-BBD7-1E6AB45269AE}.AppStore|iPhone.Build.0 = AppStore|iPhone
		{5DDA55D9-5C1E-427F-BBD7-1E6AB45269AE}.AppStore|iPhoneSimulator.ActiveCfg = AppStore|iPhoneSimulator
		{5DDA55D9-5C1E-427F-BBD7-1E6AB45269AE}.AppStore|iPhoneSimulator.Build.0 = AppStore|iPhoneSimulator
		{5DDA55D9-5C1E-427F-BBD7-1E6AB45269AE}.AppStore|x86.ActiveCfg = AppStore|iPhone
		{5DDA55D9-5C1E-427F-BBD7-1E6AB45269AE}.Debug|Any CPU.ActiveCfg = Debug|iPhone
		{5DDA55D9-5C1E-427F-BBD7-1E6AB45269AE}.Debug|ARM.ActiveCfg = Debug|iPhone
		{5DDA55D9-5C1E-427F-BBD7-1E6AB45269AE}.Debug|iPhone.ActiveCfg = Debug|iPhone
		{5DDA55D9-5C1E-427F-BBD7-1E6AB45269AE}.Debug|iPhone.Build.0 = Debug|iPhone
		{5DDA55D9-5C1E-427F-BBD7-1E6AB45269AE}.Debug|iPhoneSimulator.ActiveCfg = Debug|iPhoneSimulator
		{5DDA55D9-5C1E-427F-BBD7-1E6AB45269AE}.Debug|iPhoneSimulator.Build.0 = Debug|iPhoneSimulator
		{5DDA55D9-5C1E-427F-BBD7-1E6AB45269AE}.Debug|x86.ActiveCfg = Debug|iPhone
		{5DDA55D9-5C1E-427F-BBD7-1E6AB45269AE}.Release|Any CPU.ActiveCfg = Release|iPhone
		{5DDA55D9-5C1E-427F-BBD7-1E6AB45269AE}.Release|ARM.ActiveCfg = Release|iPhone
		{5DDA55D9-5C1E-427F-BBD7-1E6AB45269AE}.Release|iPhone.ActiveCfg = Release|iPhone
		{5DDA55D9-5C1E-427F-BBD7-1E6AB45269AE}.Release|iPhone.Build.0 = Release|iPhone
		{5DDA55D9-5C1E-427F-BBD7-1E6AB45269AE}.Release|iPhoneSimulator.ActiveCfg = Release|iPhoneSimulator
		{5DDA55D9-5C1E-427F-BBD7-1E6AB45269AE}.Release|iPhoneSimulator.Build.0 = Release|iPhoneSimulator
		{5DDA55D9-5C1E-427F-BBD7-1E6AB45269AE}.Release|x86.ActiveCfg = Release|iPhone
		{A3CBB092-DA26-4EA5-AB9A-B1E8618F0A41}.Ad-Hoc|Any CPU.ActiveCfg = Release|Any CPU
		{A3CBB092-DA26-4EA5-AB9A-B1E8618F0A41}.Ad-Hoc|Any CPU.Build.0 = Release|Any CPU
		{A3CBB092-DA26-4EA5-AB9A-B1E8618F0A41}.Ad-Hoc|Any CPU.Deploy.0 = Release|Any CPU
		{A3CBB092-DA26-4EA5-AB9A-B1E8618F0A41}.Ad-Hoc|ARM.ActiveCfg = Release|Any CPU
		{A3CBB092-DA26-4EA5-AB9A-B1E8618F0A41}.Ad-Hoc|ARM.Build.0 = Release|Any CPU
		{A3CBB092-DA26-4EA5-AB9A-B1E8618F0A41}.Ad-Hoc|ARM.Deploy.0 = Release|Any CPU
		{A3CBB092-DA26-4EA5-AB9A-B1E8618F0A41}.Ad-Hoc|iPhone.ActiveCfg = Release|Any CPU
		{A3CBB092-DA26-4EA5-AB9A-B1E8618F0A41}.Ad-Hoc|iPhone.Build.0 = Release|Any CPU
		{A3CBB092-DA26-4EA5-AB9A-B1E8618F0A41}.Ad-Hoc|iPhone.Deploy.0 = Release|Any CPU
		{A3CBB092-DA26-4EA5-AB9A-B1E8618F0A41}.Ad-Hoc|iPhoneSimulator.ActiveCfg = Release|Any CPU
		{A3CBB092-DA26-4EA5-AB9A-B1E8618F0A41}.Ad-Hoc|iPhoneSimulator.Build.0 = Release|Any CPU
		{A3CBB092-DA26-4EA5-AB9A-B1E8618F0A41}.Ad-Hoc|iPhoneSimulator.Deploy.0 = Release|Any CPU
		{A3CBB092-DA26-4EA5-AB9A-B1E8618F0A41}.Ad-Hoc|x86.ActiveCfg = Release|Any CPU
		{A3CBB092-DA26-4EA5-AB9A-B1E8618F0A41}.Ad-Hoc|x86.Build.0 = Release|Any CPU
		{A3CBB092-DA26-4EA5-AB9A-B1E8618F0A41}.Ad-Hoc|x86.Deploy.0 = Release|Any CPU
		{A3CBB092-DA26-4EA5-AB9A-B1E8618F0A41}.AppStore|Any CPU.ActiveCfg = Release|Any CPU
		{A3CBB092-DA26-4EA5-AB9A-B1E8618F0A41}.AppStore|Any CPU.Build.0 = Release|Any CPU
		{A3CBB092-DA26-4EA5-AB9A-B1E8618F0A41}.AppStore|Any CPU.Deploy.0 = Release|Any CPU
		{A3CBB092-DA26-4EA5-AB9A-B1E8618F0A41}.AppStore|ARM.ActiveCfg = Release|Any CPU
		{A3CBB092-DA26-4EA5-AB9A-B1E8618F0A41}.AppStore|ARM.Build.0 = Release|Any CPU
		{A3CBB092-DA26-4EA5-AB9A-B1E8618F0A41}.AppStore|ARM.Deploy.0 = Release|Any CPU
		{A3CBB092-DA26-4EA5-AB9A-B1E8618F0A41}.AppStore|iPhone.ActiveCfg = Release|Any CPU
		{A3CBB092-DA26-4EA5-AB9A-B1E8618F0A41}.AppStore|iPhone.Build.0 = Release|Any CPU
		{A3CBB092-DA26-4EA5-AB9A-B1E8618F0A41}.AppStore|iPhone.Deploy.0 = Release|Any CPU
		{A3CBB092-DA26-4EA5-AB9A-B1E8618F0A41}.AppStore|iPhoneSimulator.ActiveCfg = Release|Any CPU
		{A3CBB092-DA26-4EA5-AB9A-B1E8618F0A41}.AppStore|iPhoneSimulator.Build.0 = Release|Any CPU
		{A3CBB092-DA26-4EA5-AB9A-B1E8618F0A41}.AppStore|iPhoneSimulator.Deploy.0 = Release|Any CPU
		{A3CBB092-DA26-4EA5-AB9A-B1E8618F0A41}.AppStore|x86.ActiveCfg = Release|Any CPU
		{A3CBB092-DA26-4EA5-AB9A-B1E8618F0A41}.AppStore|x86.Build.0 = Release|Any CPU
		{A3CBB092-DA26-4EA5-AB9A-B1E8618F0A41}.AppStore|x86.Deploy.0 = Release|Any CPU
		{A3CBB092-DA26-4EA5-AB9A-B1E8618F0A41}.Debug|Any CPU.ActiveCfg = Debug|Any CPU
		{A3CBB092-DA26-4EA5-AB9A-B1E8618F0A41}.Debug|Any CPU.Build.0 = Debug|Any CPU
		{A3CBB092-DA26-4EA5-AB9A-B1E8618F0A41}.Debug|Any CPU.Deploy.0 = Debug|Any CPU
		{A3CBB092-DA26-4EA5-AB9A-B1E8618F0A41}.Debug|ARM.ActiveCfg = Debug|Any CPU
		{A3CBB092-DA26-4EA5-AB9A-B1E8618F0A41}.Debug|ARM.Build.0 = Debug|Any CPU
		{A3CBB092-DA26-4EA5-AB9A-B1E8618F0A41}.Debug|ARM.Deploy.0 = Debug|Any CPU
		{A3CBB092-DA26-4EA5-AB9A-B1E8618F0A41}.Debug|iPhone.ActiveCfg = Debug|Any CPU
		{A3CBB092-DA26-4EA5-AB9A-B1E8618F0A41}.Debug|iPhone.Build.0 = Debug|Any CPU
		{A3CBB092-DA26-4EA5-AB9A-B1E8618F0A41}.Debug|iPhone.Deploy.0 = Debug|Any CPU
		{A3CBB092-DA26-4EA5-AB9A-B1E8618F0A41}.Debug|iPhoneSimulator.ActiveCfg = Debug|Any CPU
		{A3CBB092-DA26-4EA5-AB9A-B1E8618F0A41}.Debug|iPhoneSimulator.Build.0 = Debug|Any CPU
		{A3CBB092-DA26-4EA5-AB9A-B1E8618F0A41}.Debug|iPhoneSimulator.Deploy.0 = Debug|Any CPU
		{A3CBB092-DA26-4EA5-AB9A-B1E8618F0A41}.Debug|x86.ActiveCfg = Debug|Any CPU
		{A3CBB092-DA26-4EA5-AB9A-B1E8618F0A41}.Debug|x86.Build.0 = Debug|Any CPU
		{A3CBB092-DA26-4EA5-AB9A-B1E8618F0A41}.Debug|x86.Deploy.0 = Debug|Any CPU
		{A3CBB092-DA26-4EA5-AB9A-B1E8618F0A41}.Release|Any CPU.ActiveCfg = Release|Any CPU
		{A3CBB092-DA26-4EA5-AB9A-B1E8618F0A41}.Release|Any CPU.Build.0 = Release|Any CPU
		{A3CBB092-DA26-4EA5-AB9A-B1E8618F0A41}.Release|Any CPU.Deploy.0 = Release|Any CPU
		{A3CBB092-DA26-4EA5-AB9A-B1E8618F0A41}.Release|ARM.ActiveCfg = Release|Any CPU
		{A3CBB092-DA26-4EA5-AB9A-B1E8618F0A41}.Release|ARM.Build.0 = Release|Any CPU
		{A3CBB092-DA26-4EA5-AB9A-B1E8618F0A41}.Release|ARM.Deploy.0 = Release|Any CPU
		{A3CBB092-DA26-4EA5-AB9A-B1E8618F0A41}.Release|iPhone.ActiveCfg = Release|Any CPU
		{A3CBB092-DA26-4EA5-AB9A-B1E8618F0A41}.Release|iPhone.Build.0 = Release|Any CPU
		{A3CBB092-DA26-4EA5-AB9A-B1E8618F0A41}.Release|iPhone.Deploy.0 = Release|Any CPU
		{A3CBB092-DA26-4EA5-AB9A-B1E8618F0A41}.Release|iPhoneSimulator.ActiveCfg = Release|Any CPU
		{A3CBB092-DA26-4EA5-AB9A-B1E8618F0A41}.Release|iPhoneSimulator.Build.0 = Release|Any CPU
		{A3CBB092-DA26-4EA5-AB9A-B1E8618F0A41}.Release|iPhoneSimulator.Deploy.0 = Release|Any CPU
		{A3CBB092-DA26-4EA5-AB9A-B1E8618F0A41}.Release|x86.ActiveCfg = Release|Any CPU
		{A3CBB092-DA26-4EA5-AB9A-B1E8618F0A41}.Release|x86.Build.0 = Release|Any CPU
		{A3CBB092-DA26-4EA5-AB9A-B1E8618F0A41}.Release|x86.Deploy.0 = Release|Any CPU
		{419EC423-EABC-4D5D-8A1C-158A59F658FE}.Ad-Hoc|Any CPU.ActiveCfg = Release|Any CPU
		{419EC423-EABC-4D5D-8A1C-158A59F658FE}.Ad-Hoc|Any CPU.Build.0 = Release|Any CPU
		{419EC423-EABC-4D5D-8A1C-158A59F658FE}.Ad-Hoc|Any CPU.Deploy.0 = Release|Any CPU
		{419EC423-EABC-4D5D-8A1C-158A59F658FE}.Ad-Hoc|ARM.ActiveCfg = Release|ARM
		{419EC423-EABC-4D5D-8A1C-158A59F658FE}.Ad-Hoc|ARM.Build.0 = Release|ARM
		{419EC423-EABC-4D5D-8A1C-158A59F658FE}.Ad-Hoc|ARM.Deploy.0 = Release|ARM
		{419EC423-EABC-4D5D-8A1C-158A59F658FE}.Ad-Hoc|iPhone.ActiveCfg = Release|Any CPU
		{419EC423-EABC-4D5D-8A1C-158A59F658FE}.Ad-Hoc|iPhone.Build.0 = Release|Any CPU
		{419EC423-EABC-4D5D-8A1C-158A59F658FE}.Ad-Hoc|iPhone.Deploy.0 = Release|Any CPU
		{419EC423-EABC-4D5D-8A1C-158A59F658FE}.Ad-Hoc|iPhoneSimulator.ActiveCfg = Release|Any CPU
		{419EC423-EABC-4D5D-8A1C-158A59F658FE}.Ad-Hoc|iPhoneSimulator.Build.0 = Release|Any CPU
		{419EC423-EABC-4D5D-8A1C-158A59F658FE}.Ad-Hoc|iPhoneSimulator.Deploy.0 = Release|Any CPU
		{419EC423-EABC-4D5D-8A1C-158A59F658FE}.Ad-Hoc|x86.ActiveCfg = Release|x86
		{419EC423-EABC-4D5D-8A1C-158A59F658FE}.Ad-Hoc|x86.Build.0 = Release|x86
		{419EC423-EABC-4D5D-8A1C-158A59F658FE}.Ad-Hoc|x86.Deploy.0 = Release|x86
		{419EC423-EABC-4D5D-8A1C-158A59F658FE}.AppStore|Any CPU.ActiveCfg = Release|Any CPU
		{419EC423-EABC-4D5D-8A1C-158A59F658FE}.AppStore|Any CPU.Build.0 = Release|Any CPU
		{419EC423-EABC-4D5D-8A1C-158A59F658FE}.AppStore|Any CPU.Deploy.0 = Release|Any CPU
		{419EC423-EABC-4D5D-8A1C-158A59F658FE}.AppStore|ARM.ActiveCfg = Release|ARM
		{419EC423-EABC-4D5D-8A1C-158A59F658FE}.AppStore|ARM.Build.0 = Release|ARM
		{419EC423-EABC-4D5D-8A1C-158A59F658FE}.AppStore|ARM.Deploy.0 = Release|ARM
		{419EC423-EABC-4D5D-8A1C-158A59F658FE}.AppStore|iPhone.ActiveCfg = Release|Any CPU
		{419EC423-EABC-4D5D-8A1C-158A59F658FE}.AppStore|iPhone.Build.0 = Release|Any CPU
		{419EC423-EABC-4D5D-8A1C-158A59F658FE}.AppStore|iPhone.Deploy.0 = Release|Any CPU
		{419EC423-EABC-4D5D-8A1C-158A59F658FE}.AppStore|iPhoneSimulator.ActiveCfg = Release|Any CPU
		{419EC423-EABC-4D5D-8A1C-158A59F658FE}.AppStore|iPhoneSimulator.Build.0 = Release|Any CPU
		{419EC423-EABC-4D5D-8A1C-158A59F658FE}.AppStore|iPhoneSimulator.Deploy.0 = Release|Any CPU
		{419EC423-EABC-4D5D-8A1C-158A59F658FE}.AppStore|x86.ActiveCfg = Release|x86
		{419EC423-EABC-4D5D-8A1C-158A59F658FE}.AppStore|x86.Build.0 = Release|x86
		{419EC423-EABC-4D5D-8A1C-158A59F658FE}.AppStore|x86.Deploy.0 = Release|x86
		{419EC423-EABC-4D5D-8A1C-158A59F658FE}.Debug|Any CPU.ActiveCfg = Debug|Any CPU
		{419EC423-EABC-4D5D-8A1C-158A59F658FE}.Debug|Any CPU.Build.0 = Debug|Any CPU
		{419EC423-EABC-4D5D-8A1C-158A59F658FE}.Debug|Any CPU.Deploy.0 = Debug|Any CPU
		{419EC423-EABC-4D5D-8A1C-158A59F658FE}.Debug|ARM.ActiveCfg = Debug|ARM
		{419EC423-EABC-4D5D-8A1C-158A59F658FE}.Debug|ARM.Build.0 = Debug|ARM
		{419EC423-EABC-4D5D-8A1C-158A59F658FE}.Debug|ARM.Deploy.0 = Debug|ARM
		{419EC423-EABC-4D5D-8A1C-158A59F658FE}.Debug|iPhone.ActiveCfg = Debug|Any CPU
		{419EC423-EABC-4D5D-8A1C-158A59F658FE}.Debug|iPhone.Build.0 = Debug|Any CPU
		{419EC423-EABC-4D5D-8A1C-158A59F658FE}.Debug|iPhone.Deploy.0 = Debug|Any CPU
		{419EC423-EABC-4D5D-8A1C-158A59F658FE}.Debug|iPhoneSimulator.ActiveCfg = Debug|Any CPU
		{419EC423-EABC-4D5D-8A1C-158A59F658FE}.Debug|iPhoneSimulator.Build.0 = Debug|Any CPU
		{419EC423-EABC-4D5D-8A1C-158A59F658FE}.Debug|iPhoneSimulator.Deploy.0 = Debug|Any CPU
		{419EC423-EABC-4D5D-8A1C-158A59F658FE}.Debug|x86.ActiveCfg = Debug|x86
		{419EC423-EABC-4D5D-8A1C-158A59F658FE}.Debug|x86.Build.0 = Debug|x86
		{419EC423-EABC-4D5D-8A1C-158A59F658FE}.Debug|x86.Deploy.0 = Debug|x86
		{419EC423-EABC-4D5D-8A1C-158A59F658FE}.Release|Any CPU.ActiveCfg = Release|Any CPU
		{419EC423-EABC-4D5D-8A1C-158A59F658FE}.Release|Any CPU.Build.0 = Release|Any CPU
		{419EC423-EABC-4D5D-8A1C-158A59F658FE}.Release|Any CPU.Deploy.0 = Release|Any CPU
		{419EC423-EABC-4D5D-8A1C-158A59F658FE}.Release|ARM.ActiveCfg = Release|ARM
		{419EC423-EABC-4D5D-8A1C-158A59F658FE}.Release|ARM.Build.0 = Release|ARM
		{419EC423-EABC-4D5D-8A1C-158A59F658FE}.Release|ARM.Deploy.0 = Release|ARM
		{419EC423-EABC-4D5D-8A1C-158A59F658FE}.Release|iPhone.ActiveCfg = Release|Any CPU
		{419EC423-EABC-4D5D-8A1C-158A59F658FE}.Release|iPhone.Build.0 = Release|Any CPU
		{419EC423-EABC-4D5D-8A1C-158A59F658FE}.Release|iPhone.Deploy.0 = Release|Any CPU
		{419EC423-EABC-4D5D-8A1C-158A59F658FE}.Release|iPhoneSimulator.ActiveCfg = Release|Any CPU
		{419EC423-EABC-4D5D-8A1C-158A59F658FE}.Release|iPhoneSimulator.Build.0 = Release|Any CPU
		{419EC423-EABC-4D5D-8A1C-158A59F658FE}.Release|iPhoneSimulator.Deploy.0 = Release|Any CPU
		{419EC423-EABC-4D5D-8A1C-158A59F658FE}.Release|x86.ActiveCfg = Release|x86
		{419EC423-EABC-4D5D-8A1C-158A59F658FE}.Release|x86.Build.0 = Release|x86
		{419EC423-EABC-4D5D-8A1C-158A59F658FE}.Release|x86.Deploy.0 = Release|x86
		{039F3313-681F-4427-8159-9559219D2FF7}.Ad-Hoc|Any CPU.ActiveCfg = Release|Any CPU
		{039F3313-681F-4427-8159-9559219D2FF7}.Ad-Hoc|Any CPU.Build.0 = Release|Any CPU
		{039F3313-681F-4427-8159-9559219D2FF7}.Ad-Hoc|ARM.ActiveCfg = Release|Any CPU
		{039F3313-681F-4427-8159-9559219D2FF7}.Ad-Hoc|ARM.Build.0 = Release|Any CPU
		{039F3313-681F-4427-8159-9559219D2FF7}.Ad-Hoc|iPhone.ActiveCfg = Release|Any CPU
		{039F3313-681F-4427-8159-9559219D2FF7}.Ad-Hoc|iPhone.Build.0 = Release|Any CPU
		{039F3313-681F-4427-8159-9559219D2FF7}.Ad-Hoc|iPhoneSimulator.ActiveCfg = Release|Any CPU
		{039F3313-681F-4427-8159-9559219D2FF7}.Ad-Hoc|iPhoneSimulator.Build.0 = Release|Any CPU
		{039F3313-681F-4427-8159-9559219D2FF7}.Ad-Hoc|x86.ActiveCfg = Release|Any CPU
		{039F3313-681F-4427-8159-9559219D2FF7}.Ad-Hoc|x86.Build.0 = Release|Any CPU
		{039F3313-681F-4427-8159-9559219D2FF7}.AppStore|Any CPU.ActiveCfg = Release|Any CPU
		{039F3313-681F-4427-8159-9559219D2FF7}.AppStore|Any CPU.Build.0 = Release|Any CPU
		{039F3313-681F-4427-8159-9559219D2FF7}.AppStore|ARM.ActiveCfg = Release|Any CPU
		{039F3313-681F-4427-8159-9559219D2FF7}.AppStore|ARM.Build.0 = Release|Any CPU
		{039F3313-681F-4427-8159-9559219D2FF7}.AppStore|iPhone.ActiveCfg = Release|Any CPU
		{039F3313-681F-4427-8159-9559219D2FF7}.AppStore|iPhone.Build.0 = Release|Any CPU
		{039F3313-681F-4427-8159-9559219D2FF7}.AppStore|iPhoneSimulator.ActiveCfg = Release|Any CPU
		{039F3313-681F-4427-8159-9559219D2FF7}.AppStore|iPhoneSimulator.Build.0 = Release|Any CPU
		{039F3313-681F-4427-8159-9559219D2FF7}.AppStore|x86.ActiveCfg = Release|Any CPU
		{039F3313-681F-4427-8159-9559219D2FF7}.AppStore|x86.Build.0 = Release|Any CPU
		{039F3313-681F-4427-8159-9559219D2FF7}.Debug|Any CPU.ActiveCfg = Debug|Any CPU
		{039F3313-681F-4427-8159-9559219D2FF7}.Debug|Any CPU.Build.0 = Debug|Any CPU
		{039F3313-681F-4427-8159-9559219D2FF7}.Debug|ARM.ActiveCfg = Debug|Any CPU
		{039F3313-681F-4427-8159-9559219D2FF7}.Debug|ARM.Build.0 = Debug|Any CPU
		{039F3313-681F-4427-8159-9559219D2FF7}.Debug|iPhone.ActiveCfg = Debug|Any CPU
		{039F3313-681F-4427-8159-9559219D2FF7}.Debug|iPhone.Build.0 = Debug|Any CPU
		{039F3313-681F-4427-8159-9559219D2FF7}.Debug|iPhoneSimulator.ActiveCfg = Debug|Any CPU
		{039F3313-681F-4427-8159-9559219D2FF7}.Debug|iPhoneSimulator.Build.0 = Debug|Any CPU
		{039F3313-681F-4427-8159-9559219D2FF7}.Debug|x86.ActiveCfg = Debug|Any CPU
		{039F3313-681F-4427-8159-9559219D2FF7}.Debug|x86.Build.0 = Debug|Any CPU
		{039F3313-681F-4427-8159-9559219D2FF7}.Release|Any CPU.ActiveCfg = Release|Any CPU
		{039F3313-681F-4427-8159-9559219D2FF7}.Release|Any CPU.Build.0 = Release|Any CPU
		{039F3313-681F-4427-8159-9559219D2FF7}.Release|ARM.ActiveCfg = Release|Any CPU
		{039F3313-681F-4427-8159-9559219D2FF7}.Release|ARM.Build.0 = Release|Any CPU
		{039F3313-681F-4427-8159-9559219D2FF7}.Release|iPhone.ActiveCfg = Release|Any CPU
		{039F3313-681F-4427-8159-9559219D2FF7}.Release|iPhone.Build.0 = Release|Any CPU
		{039F3313-681F-4427-8159-9559219D2FF7}.Release|iPhoneSimulator.ActiveCfg = Release|Any CPU
		{039F3313-681F-4427-8159-9559219D2FF7}.Release|iPhoneSimulator.Build.0 = Release|Any CPU
		{039F3313-681F-4427-8159-9559219D2FF7}.Release|x86.ActiveCfg = Release|Any CPU
		{039F3313-681F-4427-8159-9559219D2FF7}.Release|x86.Build.0 = Release|Any CPU
		{F6A5E99C-A3E2-4117-8FD6-BCD6CC037F0E}.Ad-Hoc|Any CPU.ActiveCfg = Release|Any CPU
		{F6A5E99C-A3E2-4117-8FD6-BCD6CC037F0E}.Ad-Hoc|Any CPU.Build.0 = Release|Any CPU
		{F6A5E99C-A3E2-4117-8FD6-BCD6CC037F0E}.Ad-Hoc|ARM.ActiveCfg = Release|Any CPU
		{F6A5E99C-A3E2-4117-8FD6-BCD6CC037F0E}.Ad-Hoc|ARM.Build.0 = Release|Any CPU
		{F6A5E99C-A3E2-4117-8FD6-BCD6CC037F0E}.Ad-Hoc|iPhone.ActiveCfg = Release|Any CPU
		{F6A5E99C-A3E2-4117-8FD6-BCD6CC037F0E}.Ad-Hoc|iPhone.Build.0 = Release|Any CPU
		{F6A5E99C-A3E2-4117-8FD6-BCD6CC037F0E}.Ad-Hoc|iPhoneSimulator.ActiveCfg = Release|Any CPU
		{F6A5E99C-A3E2-4117-8FD6-BCD6CC037F0E}.Ad-Hoc|iPhoneSimulator.Build.0 = Release|Any CPU
		{F6A5E99C-A3E2-4117-8FD6-BCD6CC037F0E}.Ad-Hoc|x86.ActiveCfg = Release|Any CPU
		{F6A5E99C-A3E2-4117-8FD6-BCD6CC037F0E}.Ad-Hoc|x86.Build.0 = Release|Any CPU
		{F6A5E99C-A3E2-4117-8FD6-BCD6CC037F0E}.AppStore|Any CPU.ActiveCfg = Release|Any CPU
		{F6A5E99C-A3E2-4117-8FD6-BCD6CC037F0E}.AppStore|Any CPU.Build.0 = Release|Any CPU
		{F6A5E99C-A3E2-4117-8FD6-BCD6CC037F0E}.AppStore|ARM.ActiveCfg = Release|Any CPU
		{F6A5E99C-A3E2-4117-8FD6-BCD6CC037F0E}.AppStore|ARM.Build.0 = Release|Any CPU
		{F6A5E99C-A3E2-4117-8FD6-BCD6CC037F0E}.AppStore|iPhone.ActiveCfg = Release|Any CPU
		{F6A5E99C-A3E2-4117-8FD6-BCD6CC037F0E}.AppStore|iPhone.Build.0 = Release|Any CPU
		{F6A5E99C-A3E2-4117-8FD6-BCD6CC037F0E}.AppStore|iPhoneSimulator.ActiveCfg = Release|Any CPU
		{F6A5E99C-A3E2-4117-8FD6-BCD6CC037F0E}.AppStore|iPhoneSimulator.Build.0 = Release|Any CPU
		{F6A5E99C-A3E2-4117-8FD6-BCD6CC037F0E}.AppStore|x86.ActiveCfg = Release|Any CPU
		{F6A5E99C-A3E2-4117-8FD6-BCD6CC037F0E}.AppStore|x86.Build.0 = Release|Any CPU
		{F6A5E99C-A3E2-4117-8FD6-BCD6CC037F0E}.Debug|Any CPU.ActiveCfg = Debug|Any CPU
		{F6A5E99C-A3E2-4117-8FD6-BCD6CC037F0E}.Debug|Any CPU.Build.0 = Debug|Any CPU
		{F6A5E99C-A3E2-4117-8FD6-BCD6CC037F0E}.Debug|ARM.ActiveCfg = Debug|Any CPU
		{F6A5E99C-A3E2-4117-8FD6-BCD6CC037F0E}.Debug|ARM.Build.0 = Debug|Any CPU
		{F6A5E99C-A3E2-4117-8FD6-BCD6CC037F0E}.Debug|iPhone.ActiveCfg = Debug|Any CPU
		{F6A5E99C-A3E2-4117-8FD6-BCD6CC037F0E}.Debug|iPhone.Build.0 = Debug|Any CPU
		{F6A5E99C-A3E2-4117-8FD6-BCD6CC037F0E}.Debug|iPhoneSimulator.ActiveCfg = Debug|Any CPU
		{F6A5E99C-A3E2-4117-8FD6-BCD6CC037F0E}.Debug|iPhoneSimulator.Build.0 = Debug|Any CPU
		{F6A5E99C-A3E2-4117-8FD6-BCD6CC037F0E}.Debug|x86.ActiveCfg = Debug|Any CPU
		{F6A5E99C-A3E2-4117-8FD6-BCD6CC037F0E}.Debug|x86.Build.0 = Debug|Any CPU
		{F6A5E99C-A3E2-4117-8FD6-BCD6CC037F0E}.Release|Any CPU.ActiveCfg = Release|Any CPU
		{F6A5E99C-A3E2-4117-8FD6-BCD6CC037F0E}.Release|Any CPU.Build.0 = Release|Any CPU
		{F6A5E99C-A3E2-4117-8FD6-BCD6CC037F0E}.Release|ARM.ActiveCfg = Release|Any CPU
		{F6A5E99C-A3E2-4117-8FD6-BCD6CC037F0E}.Release|ARM.Build.0 = Release|Any CPU
		{F6A5E99C-A3E2-4117-8FD6-BCD6CC037F0E}.Release|iPhone.ActiveCfg = Release|Any CPU
		{F6A5E99C-A3E2-4117-8FD6-BCD6CC037F0E}.Release|iPhone.Build.0 = Release|Any CPU
		{F6A5E99C-A3E2-4117-8FD6-BCD6CC037F0E}.Release|iPhoneSimulator.ActiveCfg = Release|Any CPU
		{F6A5E99C-A3E2-4117-8FD6-BCD6CC037F0E}.Release|iPhoneSimulator.Build.0 = Release|Any CPU
		{F6A5E99C-A3E2-4117-8FD6-BCD6CC037F0E}.Release|x86.ActiveCfg = Release|Any CPU
		{F6A5E99C-A3E2-4117-8FD6-BCD6CC037F0E}.Release|x86.Build.0 = Release|Any CPU
		{B236A699-D3C6-4CA9-A013-E95478559A25}.Ad-Hoc|Any CPU.ActiveCfg = Release|Any CPU
		{B236A699-D3C6-4CA9-A013-E95478559A25}.Ad-Hoc|Any CPU.Build.0 = Release|Any CPU
		{B236A699-D3C6-4CA9-A013-E95478559A25}.Ad-Hoc|ARM.ActiveCfg = Release|Any CPU
		{B236A699-D3C6-4CA9-A013-E95478559A25}.Ad-Hoc|ARM.Build.0 = Release|Any CPU
		{B236A699-D3C6-4CA9-A013-E95478559A25}.Ad-Hoc|iPhone.ActiveCfg = Release|Any CPU
		{B236A699-D3C6-4CA9-A013-E95478559A25}.Ad-Hoc|iPhone.Build.0 = Release|Any CPU
		{B236A699-D3C6-4CA9-A013-E95478559A25}.Ad-Hoc|iPhoneSimulator.ActiveCfg = Release|Any CPU
		{B236A699-D3C6-4CA9-A013-E95478559A25}.Ad-Hoc|iPhoneSimulator.Build.0 = Release|Any CPU
		{B236A699-D3C6-4CA9-A013-E95478559A25}.Ad-Hoc|x86.ActiveCfg = Release|Any CPU
		{B236A699-D3C6-4CA9-A013-E95478559A25}.Ad-Hoc|x86.Build.0 = Release|Any CPU
		{B236A699-D3C6-4CA9-A013-E95478559A25}.AppStore|Any CPU.ActiveCfg = Release|Any CPU
		{B236A699-D3C6-4CA9-A013-E95478559A25}.AppStore|Any CPU.Build.0 = Release|Any CPU
		{B236A699-D3C6-4CA9-A013-E95478559A25}.AppStore|ARM.ActiveCfg = Release|Any CPU
		{B236A699-D3C6-4CA9-A013-E95478559A25}.AppStore|ARM.Build.0 = Release|Any CPU
		{B236A699-D3C6-4CA9-A013-E95478559A25}.AppStore|iPhone.ActiveCfg = Release|Any CPU
		{B236A699-D3C6-4CA9-A013-E95478559A25}.AppStore|iPhone.Build.0 = Release|Any CPU
		{B236A699-D3C6-4CA9-A013-E95478559A25}.AppStore|iPhoneSimulator.ActiveCfg = Release|Any CPU
		{B236A699-D3C6-4CA9-A013-E95478559A25}.AppStore|iPhoneSimulator.Build.0 = Release|Any CPU
		{B236A699-D3C6-4CA9-A013-E95478559A25}.AppStore|x86.ActiveCfg = Release|Any CPU
		{B236A699-D3C6-4CA9-A013-E95478559A25}.AppStore|x86.Build.0 = Release|Any CPU
		{B236A699-D3C6-4CA9-A013-E95478559A25}.Debug|Any CPU.ActiveCfg = Debug|Any CPU
		{B236A699-D3C6-4CA9-A013-E95478559A25}.Debug|Any CPU.Build.0 = Debug|Any CPU
		{B236A699-D3C6-4CA9-A013-E95478559A25}.Debug|ARM.ActiveCfg = Debug|Any CPU
		{B236A699-D3C6-4CA9-A013-E95478559A25}.Debug|ARM.Build.0 = Debug|Any CPU
		{B236A699-D3C6-4CA9-A013-E95478559A25}.Debug|iPhone.ActiveCfg = Debug|Any CPU
		{B236A699-D3C6-4CA9-A013-E95478559A25}.Debug|iPhone.Build.0 = Debug|Any CPU
		{B236A699-D3C6-4CA9-A013-E95478559A25}.Debug|iPhoneSimulator.ActiveCfg = Debug|Any CPU
		{B236A699-D3C6-4CA9-A013-E95478559A25}.Debug|iPhoneSimulator.Build.0 = Debug|Any CPU
		{B236A699-D3C6-4CA9-A013-E95478559A25}.Debug|x86.ActiveCfg = Debug|Any CPU
		{B236A699-D3C6-4CA9-A013-E95478559A25}.Debug|x86.Build.0 = Debug|Any CPU
		{B236A699-D3C6-4CA9-A013-E95478559A25}.Release|Any CPU.ActiveCfg = Release|Any CPU
		{B236A699-D3C6-4CA9-A013-E95478559A25}.Release|Any CPU.Build.0 = Release|Any CPU
		{B236A699-D3C6-4CA9-A013-E95478559A25}.Release|ARM.ActiveCfg = Release|Any CPU
		{B236A699-D3C6-4CA9-A013-E95478559A25}.Release|ARM.Build.0 = Release|Any CPU
		{B236A699-D3C6-4CA9-A013-E95478559A25}.Release|iPhone.ActiveCfg = Release|Any CPU
		{B236A699-D3C6-4CA9-A013-E95478559A25}.Release|iPhone.Build.0 = Release|Any CPU
		{B236A699-D3C6-4CA9-A013-E95478559A25}.Release|iPhoneSimulator.ActiveCfg = Release|Any CPU
		{B236A699-D3C6-4CA9-A013-E95478559A25}.Release|iPhoneSimulator.Build.0 = Release|Any CPU
		{B236A699-D3C6-4CA9-A013-E95478559A25}.Release|x86.ActiveCfg = Release|Any CPU
		{B236A699-D3C6-4CA9-A013-E95478559A25}.Release|x86.Build.0 = Release|Any CPU
		{35FAE1D3-69E2-4051-8EC4-54B008578F86}.Ad-Hoc|Any CPU.ActiveCfg = Release|Any CPU
		{35FAE1D3-69E2-4051-8EC4-54B008578F86}.Ad-Hoc|Any CPU.Build.0 = Release|Any CPU
		{35FAE1D3-69E2-4051-8EC4-54B008578F86}.Ad-Hoc|ARM.ActiveCfg = Release|Any CPU
		{35FAE1D3-69E2-4051-8EC4-54B008578F86}.Ad-Hoc|ARM.Build.0 = Release|Any CPU
		{35FAE1D3-69E2-4051-8EC4-54B008578F86}.Ad-Hoc|iPhone.ActiveCfg = Release|Any CPU
		{35FAE1D3-69E2-4051-8EC4-54B008578F86}.Ad-Hoc|iPhone.Build.0 = Release|Any CPU
		{35FAE1D3-69E2-4051-8EC4-54B008578F86}.Ad-Hoc|iPhoneSimulator.ActiveCfg = Release|Any CPU
		{35FAE1D3-69E2-4051-8EC4-54B008578F86}.Ad-Hoc|iPhoneSimulator.Build.0 = Release|Any CPU
		{35FAE1D3-69E2-4051-8EC4-54B008578F86}.Ad-Hoc|x86.ActiveCfg = Release|Any CPU
		{35FAE1D3-69E2-4051-8EC4-54B008578F86}.Ad-Hoc|x86.Build.0 = Release|Any CPU
		{35FAE1D3-69E2-4051-8EC4-54B008578F86}.AppStore|Any CPU.ActiveCfg = Release|Any CPU
		{35FAE1D3-69E2-4051-8EC4-54B008578F86}.AppStore|Any CPU.Build.0 = Release|Any CPU
		{35FAE1D3-69E2-4051-8EC4-54B008578F86}.AppStore|ARM.ActiveCfg = Release|Any CPU
		{35FAE1D3-69E2-4051-8EC4-54B008578F86}.AppStore|ARM.Build.0 = Release|Any CPU
		{35FAE1D3-69E2-4051-8EC4-54B008578F86}.AppStore|iPhone.ActiveCfg = Release|Any CPU
		{35FAE1D3-69E2-4051-8EC4-54B008578F86}.AppStore|iPhone.Build.0 = Release|Any CPU
		{35FAE1D3-69E2-4051-8EC4-54B008578F86}.AppStore|iPhoneSimulator.ActiveCfg = Release|Any CPU
		{35FAE1D3-69E2-4051-8EC4-54B008578F86}.AppStore|iPhoneSimulator.Build.0 = Release|Any CPU
		{35FAE1D3-69E2-4051-8EC4-54B008578F86}.AppStore|x86.ActiveCfg = Release|Any CPU
		{35FAE1D3-69E2-4051-8EC4-54B008578F86}.AppStore|x86.Build.0 = Release|Any CPU
		{35FAE1D3-69E2-4051-8EC4-54B008578F86}.Debug|Any CPU.ActiveCfg = Debug|Any CPU
		{35FAE1D3-69E2-4051-8EC4-54B008578F86}.Debug|Any CPU.Build.0 = Debug|Any CPU
		{35FAE1D3-69E2-4051-8EC4-54B008578F86}.Debug|ARM.ActiveCfg = Debug|Any CPU
		{35FAE1D3-69E2-4051-8EC4-54B008578F86}.Debug|ARM.Build.0 = Debug|Any CPU
		{35FAE1D3-69E2-4051-8EC4-54B008578F86}.Debug|iPhone.ActiveCfg = Debug|Any CPU
		{35FAE1D3-69E2-4051-8EC4-54B008578F86}.Debug|iPhone.Build.0 = Debug|Any CPU
		{35FAE1D3-69E2-4051-8EC4-54B008578F86}.Debug|iPhoneSimulator.ActiveCfg = Debug|Any CPU
		{35FAE1D3-69E2-4051-8EC4-54B008578F86}.Debug|iPhoneSimulator.Build.0 = Debug|Any CPU
		{35FAE1D3-69E2-4051-8EC4-54B008578F86}.Debug|x86.ActiveCfg = Debug|Any CPU
		{35FAE1D3-69E2-4051-8EC4-54B008578F86}.Debug|x86.Build.0 = Debug|Any CPU
		{35FAE1D3-69E2-4051-8EC4-54B008578F86}.Release|Any CPU.ActiveCfg = Release|Any CPU
		{35FAE1D3-69E2-4051-8EC4-54B008578F86}.Release|Any CPU.Build.0 = Release|Any CPU
		{35FAE1D3-69E2-4051-8EC4-54B008578F86}.Release|ARM.ActiveCfg = Release|Any CPU
		{35FAE1D3-69E2-4051-8EC4-54B008578F86}.Release|ARM.Build.0 = Release|Any CPU
		{35FAE1D3-69E2-4051-8EC4-54B008578F86}.Release|iPhone.ActiveCfg = Release|Any CPU
		{35FAE1D3-69E2-4051-8EC4-54B008578F86}.Release|iPhone.Build.0 = Release|Any CPU
		{35FAE1D3-69E2-4051-8EC4-54B008578F86}.Release|iPhoneSimulator.ActiveCfg = Release|Any CPU
		{35FAE1D3-69E2-4051-8EC4-54B008578F86}.Release|iPhoneSimulator.Build.0 = Release|Any CPU
		{35FAE1D3-69E2-4051-8EC4-54B008578F86}.Release|x86.ActiveCfg = Release|Any CPU
		{35FAE1D3-69E2-4051-8EC4-54B008578F86}.Release|x86.Build.0 = Release|Any CPU
		{750924C5-B907-4DED-BD42-291B93EAD24A}.Ad-Hoc|Any CPU.ActiveCfg = Release|Any CPU
		{750924C5-B907-4DED-BD42-291B93EAD24A}.Ad-Hoc|Any CPU.Build.0 = Release|Any CPU
		{750924C5-B907-4DED-BD42-291B93EAD24A}.Ad-Hoc|ARM.ActiveCfg = Release|Any CPU
		{750924C5-B907-4DED-BD42-291B93EAD24A}.Ad-Hoc|ARM.Build.0 = Release|Any CPU
		{750924C5-B907-4DED-BD42-291B93EAD24A}.Ad-Hoc|iPhone.ActiveCfg = Release|Any CPU
		{750924C5-B907-4DED-BD42-291B93EAD24A}.Ad-Hoc|iPhone.Build.0 = Release|Any CPU
		{750924C5-B907-4DED-BD42-291B93EAD24A}.Ad-Hoc|iPhoneSimulator.ActiveCfg = Release|Any CPU
		{750924C5-B907-4DED-BD42-291B93EAD24A}.Ad-Hoc|iPhoneSimulator.Build.0 = Release|Any CPU
		{750924C5-B907-4DED-BD42-291B93EAD24A}.Ad-Hoc|x86.ActiveCfg = Release|Any CPU
		{750924C5-B907-4DED-BD42-291B93EAD24A}.Ad-Hoc|x86.Build.0 = Release|Any CPU
		{750924C5-B907-4DED-BD42-291B93EAD24A}.AppStore|Any CPU.ActiveCfg = Release|Any CPU
		{750924C5-B907-4DED-BD42-291B93EAD24A}.AppStore|Any CPU.Build.0 = Release|Any CPU
		{750924C5-B907-4DED-BD42-291B93EAD24A}.AppStore|ARM.ActiveCfg = Release|Any CPU
		{750924C5-B907-4DED-BD42-291B93EAD24A}.AppStore|ARM.Build.0 = Release|Any CPU
		{750924C5-B907-4DED-BD42-291B93EAD24A}.AppStore|iPhone.ActiveCfg = Release|Any CPU
		{750924C5-B907-4DED-BD42-291B93EAD24A}.AppStore|iPhone.Build.0 = Release|Any CPU
		{750924C5-B907-4DED-BD42-291B93EAD24A}.AppStore|iPhoneSimulator.ActiveCfg = Release|Any CPU
		{750924C5-B907-4DED-BD42-291B93EAD24A}.AppStore|iPhoneSimulator.Build.0 = Release|Any CPU
		{750924C5-B907-4DED-BD42-291B93EAD24A}.AppStore|x86.ActiveCfg = Release|Any CPU
		{750924C5-B907-4DED-BD42-291B93EAD24A}.AppStore|x86.Build.0 = Release|Any CPU
		{750924C5-B907-4DED-BD42-291B93EAD24A}.Debug|Any CPU.ActiveCfg = Debug|Any CPU
		{750924C5-B907-4DED-BD42-291B93EAD24A}.Debug|Any CPU.Build.0 = Debug|Any CPU
		{750924C5-B907-4DED-BD42-291B93EAD24A}.Debug|ARM.ActiveCfg = Debug|Any CPU
		{750924C5-B907-4DED-BD42-291B93EAD24A}.Debug|ARM.Build.0 = Debug|Any CPU
		{750924C5-B907-4DED-BD42-291B93EAD24A}.Debug|iPhone.ActiveCfg = Debug|Any CPU
		{750924C5-B907-4DED-BD42-291B93EAD24A}.Debug|iPhone.Build.0 = Debug|Any CPU
		{750924C5-B907-4DED-BD42-291B93EAD24A}.Debug|iPhoneSimulator.ActiveCfg = Debug|Any CPU
		{750924C5-B907-4DED-BD42-291B93EAD24A}.Debug|iPhoneSimulator.Build.0 = Debug|Any CPU
		{750924C5-B907-4DED-BD42-291B93EAD24A}.Debug|x86.ActiveCfg = Debug|Any CPU
		{750924C5-B907-4DED-BD42-291B93EAD24A}.Debug|x86.Build.0 = Debug|Any CPU
		{750924C5-B907-4DED-BD42-291B93EAD24A}.Release|Any CPU.ActiveCfg = Release|Any CPU
		{750924C5-B907-4DED-BD42-291B93EAD24A}.Release|Any CPU.Build.0 = Release|Any CPU
		{750924C5-B907-4DED-BD42-291B93EAD24A}.Release|ARM.ActiveCfg = Release|Any CPU
		{750924C5-B907-4DED-BD42-291B93EAD24A}.Release|ARM.Build.0 = Release|Any CPU
		{750924C5-B907-4DED-BD42-291B93EAD24A}.Release|iPhone.ActiveCfg = Release|Any CPU
		{750924C5-B907-4DED-BD42-291B93EAD24A}.Release|iPhone.Build.0 = Release|Any CPU
		{750924C5-B907-4DED-BD42-291B93EAD24A}.Release|iPhoneSimulator.ActiveCfg = Release|Any CPU
		{750924C5-B907-4DED-BD42-291B93EAD24A}.Release|iPhoneSimulator.Build.0 = Release|Any CPU
		{750924C5-B907-4DED-BD42-291B93EAD24A}.Release|x86.ActiveCfg = Release|Any CPU
		{750924C5-B907-4DED-BD42-291B93EAD24A}.Release|x86.Build.0 = Release|Any CPU
	EndGlobalSection
	GlobalSection(SolutionProperties) = preSolution
		HideSolutionNode = FALSE
	EndGlobalSection
	GlobalSection(NestedProjects) = preSolution
		{6A94C944-26A9-4960-8D8F-EF4BC16CA948} = {05DA2F39-8252-4964-AFE2-5F8F957AA448}
		{5DDA55D9-5C1E-427F-BBD7-1E6AB45269AE} = {05DA2F39-8252-4964-AFE2-5F8F957AA448}
		{A3CBB092-DA26-4EA5-AB9A-B1E8618F0A41} = {05DA2F39-8252-4964-AFE2-5F8F957AA448}
		{419EC423-EABC-4D5D-8A1C-158A59F658FE} = {05DA2F39-8252-4964-AFE2-5F8F957AA448}
		{039F3313-681F-4427-8159-9559219D2FF7} = {E102E16E-4C82-4403-9FE1-F212448FE2FA}
		{F6A5E99C-A3E2-4117-8FD6-BCD6CC037F0E} = {758499A5-BF60-4637-A694-C3B9262981FD}
		{B236A699-D3C6-4CA9-A013-E95478559A25} = {758499A5-BF60-4637-A694-C3B9262981FD}
		{35FAE1D3-69E2-4051-8EC4-54B008578F86} = {511CAF72-CBAE-4E6B-ABD3-E1DE00FD3E67}
		{750924C5-B907-4DED-BD42-291B93EAD24A} = {E75260E1-899F-4D03-82E6-BC11CDDB1916}
	EndGlobalSection
EndGlobal
